# THIS IS AN AUTOGENERATED FILE. DO NOT EDIT THIS FILE DIRECTLY.
# yarn lockfile v1


"yarn@^1.22.18":
  "integrity" "sha512-oFffv6Jp2+BTUBItzx1Z0dpikTX+raRdqupfqzeMKnoh7WD6RuPAxcqDkMUy9vafJkrB0YaV708znpuMhEBKGQ=="
  "resolved" "https://registry.npmjs.org/yarn/-/yarn-1.22.18.tgz"
  "version" "1.22.18"
